
Microsoft Visual Studio Solution File, Format Version 11.00
# Visual Studio 2010
Project("{FAE04EC0-301F-11D3-BF4B-00C04F79EFBC}") = "Html5RenderEngineTests.Web", "Html5RenderEngineTests.Web.csproj", "{74E31DC3-9986-45E8-8E02-BC460EC0CA2C}"
EndProject
Global
	GlobalSection(SolutionConfigurationPlatforms) = preSolution
		Debug|Any CPU = Debug|Any CPU
		Release|Any CPU = Release|Any CPU
	EndGlobalSection
	GlobalSection(ProjectConfigurationPlatforms) = postSolution
		{74E31DC3-9986-45E8-8E02-BC460EC0CA2C}.Debug|Any CPU.ActiveCfg = Debug|Any CPU
		{74E31DC3-9986-45E8-8E02-BC460EC0CA2C}.Debug|Any CPU.Build.0 = Debug|Any CPU
		{74E31DC3-9986-45E8-8E02-BC460EC0CA2C}.Release|Any CPU.ActiveCfg = Release|Any CPU
		{74E31DC3-9986-45E8-8E02-BC460EC0CA2C}.Release|Any CPU.Build.0 = Release|Any CPU
	EndGlobalSection
	GlobalSection(SolutionProperties) = preSolution
		HideSolutionNode = FALSE
	EndGlobalSection
EndGlobal
