
Microsoft Visual Studio Solution File, Format Version 12.00
# Visual Studio 2012
Project("{FAE04EC0-301F-11D3-BF4B-00C04F79EFBC}") = "Fayde.Experimental", "Fayde.Experimental\Fayde.Experimental.csproj", "{BFB66A40-B508-45EB-B6F1-2D07314AE42C}"
EndProject
Project("{FAE04EC0-301F-11D3-BF4B-00C04F79EFBC}") = "Fayde.Experimental.Test", "Fayde.Experimental.Test\Fayde.Experimental.Test.csproj", "{9D70AB9F-F998-41E0-9B8D-2E9C66F044EC}"
EndProject
Project("{2150E333-8FDC-42A3-9474-1A3956D46DE8}") = "Nuget", "Nuget", "{F1790757-81F7-4317-B628-C62AD0ADA788}"
	ProjectSection(SolutionItems) = preProject
		Nuget\CreatePackage.ps1 = Nuget\CreatePackage.ps1
		Nuget\Fayde.Controls.nuspec = Nuget\Fayde.Controls.nuspec
		Nuget\UndoPackage.ps1 = Nuget\UndoPackage.ps1
		Nuget\version.txt = Nuget\version.txt
	EndProjectSection
EndProject
Project("{2150E333-8FDC-42A3-9474-1A3956D46DE8}") = "tools", "tools", "{B9C6DAEB-3BC1-49BC-A454-379B41D24C8F}"
	ProjectSection(SolutionItems) = preProject
		Nuget\tools\commands.psm1 = Nuget\tools\commands.psm1
		Nuget\tools\install.ps1 = Nuget\tools\install.ps1
		Nuget\tools\uninstall.ps1 = Nuget\tools\uninstall.ps1
	EndProjectSection
EndProject
Project("{2150E333-8FDC-42A3-9474-1A3956D46DE8}") = "content", "content", "{5612B26B-B2EF-4232-8C9B-C3EE1F69344B}"
EndProject
Project("{2150E333-8FDC-42A3-9474-1A3956D46DE8}") = "lib", "lib", "{6593BE58-974B-4501-9492-E4F6BD7F9323}"
EndProject
Project("{2150E333-8FDC-42A3-9474-1A3956D46DE8}") = "Fayde.Experimental", "Fayde.Experimental", "{C05A1887-55BB-4432-9AAA-34B4B7411C12}"
	ProjectSection(SolutionItems) = preProject
		Nuget\content\lib\Fayde.Experimental\Fayde.Experimental.d.ts = Nuget\content\lib\Fayde.Experimental\Fayde.Experimental.d.ts
		Nuget\content\lib\Fayde.Experimental\Fayde.Experimental.js = Nuget\content\lib\Fayde.Experimental\Fayde.Experimental.js
	EndProjectSection
EndProject
Project("{2150E333-8FDC-42A3-9474-1A3956D46DE8}") = "Themes", "Themes", "{959F5A0B-C061-4B65-92EA-79E896F3FD1C}"
	ProjectSection(SolutionItems) = preProject
		Nuget\content\lib\Fayde.Experimental\Themes\Default.theme.xml = Nuget\content\lib\Fayde.Experimental\Themes\Default.theme.xml
		Nuget\content\lib\Fayde.Experimental\Themes\Metro.theme.xml = Nuget\content\lib\Fayde.Experimental\Themes\Metro.theme.xml
	EndProjectSection
EndProject
Global
	GlobalSection(SolutionConfigurationPlatforms) = preSolution
		Debug|Any CPU = Debug|Any CPU
		Release|Any CPU = Release|Any CPU
	EndGlobalSection
	GlobalSection(ProjectConfigurationPlatforms) = postSolution
		{BFB66A40-B508-45EB-B6F1-2D07314AE42C}.Debug|Any CPU.ActiveCfg = Debug|Any CPU
		{BFB66A40-B508-45EB-B6F1-2D07314AE42C}.Debug|Any CPU.Build.0 = Debug|Any CPU
		{BFB66A40-B508-45EB-B6F1-2D07314AE42C}.Release|Any CPU.ActiveCfg = Release|Any CPU
		{BFB66A40-B508-45EB-B6F1-2D07314AE42C}.Release|Any CPU.Build.0 = Release|Any CPU
		{9D70AB9F-F998-41E0-9B8D-2E9C66F044EC}.Debug|Any CPU.ActiveCfg = Debug|Any CPU
		{9D70AB9F-F998-41E0-9B8D-2E9C66F044EC}.Debug|Any CPU.Build.0 = Debug|Any CPU
		{9D70AB9F-F998-41E0-9B8D-2E9C66F044EC}.Release|Any CPU.ActiveCfg = Release|Any CPU
		{9D70AB9F-F998-41E0-9B8D-2E9C66F044EC}.Release|Any CPU.Build.0 = Release|Any CPU
	EndGlobalSection
	GlobalSection(SolutionProperties) = preSolution
		HideSolutionNode = FALSE
	EndGlobalSection
	GlobalSection(NestedProjects) = preSolution
		{B9C6DAEB-3BC1-49BC-A454-379B41D24C8F} = {F1790757-81F7-4317-B628-C62AD0ADA788}
		{5612B26B-B2EF-4232-8C9B-C3EE1F69344B} = {F1790757-81F7-4317-B628-C62AD0ADA788}
		{6593BE58-974B-4501-9492-E4F6BD7F9323} = {5612B26B-B2EF-4232-8C9B-C3EE1F69344B}
		{C05A1887-55BB-4432-9AAA-34B4B7411C12} = {6593BE58-974B-4501-9492-E4F6BD7F9323}
		{959F5A0B-C061-4B65-92EA-79E896F3FD1C} = {C05A1887-55BB-4432-9AAA-34B4B7411C12}
	EndGlobalSection
EndGlobal
