
Microsoft Visual Studio Solution File, Format Version 11.00
# Visual Studio 2010
Project("{FAE04EC0-301F-11D3-BF4B-00C04F79EFBC}") = "JsSingularity", "JsSingularity\JsSingularity.csproj", "{D77F84C9-225D-42F9-92F6-780DDEA2C77E}"
EndProject
Global
	GlobalSection(SolutionConfigurationPlatforms) = preSolution
		Debug|Any CPU = Debug|Any CPU
		Release|Any CPU = Release|Any CPU
	EndGlobalSection
	GlobalSection(ProjectConfigurationPlatforms) = postSolution
		{D77F84C9-225D-42F9-92F6-780DDEA2C77E}.Debug|Any CPU.ActiveCfg = Debug|Any CPU
		{D77F84C9-225D-42F9-92F6-780DDEA2C77E}.Debug|Any CPU.Build.0 = Debug|Any CPU
		{D77F84C9-225D-42F9-92F6-780DDEA2C77E}.Release|Any CPU.ActiveCfg = Release|Any CPU
		{D77F84C9-225D-42F9-92F6-780DDEA2C77E}.Release|Any CPU.Build.0 = Release|Any CPU
	EndGlobalSection
	GlobalSection(SolutionProperties) = preSolution
		HideSolutionNode = FALSE
	EndGlobalSection
EndGlobal
