
Microsoft Visual Studio Solution File, Format Version 12.00
# Visual Studio 2012
Project("{2150E333-8FDC-42A3-9474-1A3956D46DE8}") = "Solution Items", "Solution Items", "{C241F086-ADA2-4B95-8071-1C0752C02D98}"
EndProject
Project("{FAE04EC0-301F-11D3-BF4B-00C04F79EFBC}") = "WickedSick.LitmusTests", "WickedSick.LitmusTests\WickedSick.LitmusTests.csproj", "{8EBC2ED0-1EDD-4204-BD21-1F5EF6B6494F}"
EndProject
Project("{FAE04EC0-301F-11D3-BF4B-00C04F79EFBC}") = "Fayde.TestSite", "Fayde.TestSite\Fayde.TestSite.csproj", "{60F879A6-6EBA-495F-8AF9-B46ED7DA8863}"
EndProject
Project("{FAE04EC0-301F-11D3-BF4B-00C04F79EFBC}") = "Fayde.Tests", "Fayde.Tests\Fayde.Tests.csproj", "{F8F5F04B-D2B7-4992-A5D1-CAAC1283ACFB}"
EndProject
Project("{2150E333-8FDC-42A3-9474-1A3956D46DE8}") = "Docs", "Docs", "{BFC9260F-3A06-4A0C-82EE-E61E7615D16E}"
	ProjectSection(SolutionItems) = preProject
		Fayde.Client\Docs\AnimNotes.txt = Fayde.Client\Docs\AnimNotes.txt
		Fayde.Client\Docs\DebugServices.txt = Fayde.Client\Docs\DebugServices.txt
		Fayde.Client\Docs\LayoutDep.txt = Fayde.Client\Docs\LayoutDep.txt
		Fayde.Client\Docs\Links.txt = Fayde.Client\Docs\Links.txt
		Fayde.Client\Docs\Notes.txt = Fayde.Client\Docs\Notes.txt
		Fayde.Client\Docs\Plugins.txt = Fayde.Client\Docs\Plugins.txt
		Fayde.Client\Docs\Tips.txt = Fayde.Client\Docs\Tips.txt
		Fayde.Client\Docs\XamlLoaderNotes.txt = Fayde.Client\Docs\XamlLoaderNotes.txt
		Fayde.Client\Docs\XamlNotes.txt = Fayde.Client\Docs\XamlNotes.txt
	EndProjectSection
EndProject
Project("{FAE04EC0-301F-11D3-BF4B-00C04F79EFBC}") = "Fayde.Silo", "Fayde.Silo\Fayde.Silo.csproj", "{641AEB45-2885-4FA9-8184-B7C5161B952B}"
EndProject
Project("{FAE04EC0-301F-11D3-BF4B-00C04F79EFBC}") = "Fayde.Client", "Fayde.Client\Fayde.Client.csproj", "{E9C887CB-89E6-4721-B611-4ACBC5B89419}"
EndProject
Global
	GlobalSection(SolutionConfigurationPlatforms) = preSolution
		Debug|Any CPU = Debug|Any CPU
		Release|Any CPU = Release|Any CPU
	EndGlobalSection
	GlobalSection(ProjectConfigurationPlatforms) = postSolution
		{8EBC2ED0-1EDD-4204-BD21-1F5EF6B6494F}.Debug|Any CPU.ActiveCfg = Debug|Any CPU
		{8EBC2ED0-1EDD-4204-BD21-1F5EF6B6494F}.Debug|Any CPU.Build.0 = Debug|Any CPU
		{8EBC2ED0-1EDD-4204-BD21-1F5EF6B6494F}.Release|Any CPU.ActiveCfg = Release|Any CPU
		{8EBC2ED0-1EDD-4204-BD21-1F5EF6B6494F}.Release|Any CPU.Build.0 = Release|Any CPU
		{60F879A6-6EBA-495F-8AF9-B46ED7DA8863}.Debug|Any CPU.ActiveCfg = Debug|Any CPU
		{60F879A6-6EBA-495F-8AF9-B46ED7DA8863}.Debug|Any CPU.Build.0 = Debug|Any CPU
		{60F879A6-6EBA-495F-8AF9-B46ED7DA8863}.Release|Any CPU.ActiveCfg = Release|Any CPU
		{60F879A6-6EBA-495F-8AF9-B46ED7DA8863}.Release|Any CPU.Build.0 = Release|Any CPU
		{F8F5F04B-D2B7-4992-A5D1-CAAC1283ACFB}.Debug|Any CPU.ActiveCfg = Debug|Any CPU
		{F8F5F04B-D2B7-4992-A5D1-CAAC1283ACFB}.Debug|Any CPU.Build.0 = Debug|Any CPU
		{F8F5F04B-D2B7-4992-A5D1-CAAC1283ACFB}.Release|Any CPU.ActiveCfg = Release|Any CPU
		{F8F5F04B-D2B7-4992-A5D1-CAAC1283ACFB}.Release|Any CPU.Build.0 = Release|Any CPU
		{641AEB45-2885-4FA9-8184-B7C5161B952B}.Debug|Any CPU.ActiveCfg = Debug|Any CPU
		{641AEB45-2885-4FA9-8184-B7C5161B952B}.Debug|Any CPU.Build.0 = Debug|Any CPU
		{641AEB45-2885-4FA9-8184-B7C5161B952B}.Release|Any CPU.ActiveCfg = Release|Any CPU
		{641AEB45-2885-4FA9-8184-B7C5161B952B}.Release|Any CPU.Build.0 = Release|Any CPU
		{E9C887CB-89E6-4721-B611-4ACBC5B89419}.Debug|Any CPU.ActiveCfg = Debug|Any CPU
		{E9C887CB-89E6-4721-B611-4ACBC5B89419}.Debug|Any CPU.Build.0 = Debug|Any CPU
		{E9C887CB-89E6-4721-B611-4ACBC5B89419}.Release|Any CPU.ActiveCfg = Release|Any CPU
		{E9C887CB-89E6-4721-B611-4ACBC5B89419}.Release|Any CPU.Build.0 = Release|Any CPU
	EndGlobalSection
	GlobalSection(SolutionProperties) = preSolution
		HideSolutionNode = FALSE
	EndGlobalSection
EndGlobal
