
Microsoft Visual Studio Solution File, Format Version 12.00
# Visual Studio 2012
Project("{2150E333-8FDC-42A3-9474-1A3956D46DE8}") = "Solution Items", "Solution Items", "{C241F086-ADA2-4B95-8071-1C0752C02D98}"
EndProject
Project("{FAE04EC0-301F-11D3-BF4B-00C04F79EFBC}") = "Fayde.Client", "Fayde.Client\Fayde.Client.csproj", "{8734C581-3114-488D-8A53-7BC942232787}"
EndProject
Project("{FAE04EC0-301F-11D3-BF4B-00C04F79EFBC}") = "WickedSick.LitmusTests", "WickedSick.LitmusTests\WickedSick.LitmusTests.csproj", "{8EBC2ED0-1EDD-4204-BD21-1F5EF6B6494F}"
EndProject
Project("{FAE04EC0-301F-11D3-BF4B-00C04F79EFBC}") = "Fayde.TestSite", "Fayde.TestSite\Fayde.TestSite.csproj", "{60F879A6-6EBA-495F-8AF9-B46ED7DA8863}"
EndProject
Project("{FAE04EC0-301F-11D3-BF4B-00C04F79EFBC}") = "Fayde.Server", "Fayde.Server\Fayde.Server.csproj", "{674C2EF2-D791-4543-9AF9-4DA3CA750B26}"
EndProject
Project("{FAE04EC0-301F-11D3-BF4B-00C04F79EFBC}") = "Fayde.Controls.Toolkit", "Fayde.Controls.Toolkit\Fayde.Controls.Toolkit.csproj", "{1A04C0BD-2869-426F-9A4B-B4A335B315E6}"
EndProject
Global
	GlobalSection(SolutionConfigurationPlatforms) = preSolution
		Debug|Any CPU = Debug|Any CPU
		Release|Any CPU = Release|Any CPU
	EndGlobalSection
	GlobalSection(ProjectConfigurationPlatforms) = postSolution
		{8734C581-3114-488D-8A53-7BC942232787}.Debug|Any CPU.ActiveCfg = Debug|Any CPU
		{8734C581-3114-488D-8A53-7BC942232787}.Debug|Any CPU.Build.0 = Debug|Any CPU
		{8734C581-3114-488D-8A53-7BC942232787}.Release|Any CPU.ActiveCfg = Release|Any CPU
		{8734C581-3114-488D-8A53-7BC942232787}.Release|Any CPU.Build.0 = Release|Any CPU
		{8EBC2ED0-1EDD-4204-BD21-1F5EF6B6494F}.Debug|Any CPU.ActiveCfg = Debug|Any CPU
		{8EBC2ED0-1EDD-4204-BD21-1F5EF6B6494F}.Debug|Any CPU.Build.0 = Debug|Any CPU
		{8EBC2ED0-1EDD-4204-BD21-1F5EF6B6494F}.Release|Any CPU.ActiveCfg = Release|Any CPU
		{8EBC2ED0-1EDD-4204-BD21-1F5EF6B6494F}.Release|Any CPU.Build.0 = Release|Any CPU
		{60F879A6-6EBA-495F-8AF9-B46ED7DA8863}.Debug|Any CPU.ActiveCfg = Debug|Any CPU
		{60F879A6-6EBA-495F-8AF9-B46ED7DA8863}.Debug|Any CPU.Build.0 = Debug|Any CPU
		{60F879A6-6EBA-495F-8AF9-B46ED7DA8863}.Release|Any CPU.ActiveCfg = Release|Any CPU
		{60F879A6-6EBA-495F-8AF9-B46ED7DA8863}.Release|Any CPU.Build.0 = Release|Any CPU
		{674C2EF2-D791-4543-9AF9-4DA3CA750B26}.Debug|Any CPU.ActiveCfg = Debug|Any CPU
		{674C2EF2-D791-4543-9AF9-4DA3CA750B26}.Debug|Any CPU.Build.0 = Debug|Any CPU
		{674C2EF2-D791-4543-9AF9-4DA3CA750B26}.Release|Any CPU.ActiveCfg = Release|Any CPU
		{674C2EF2-D791-4543-9AF9-4DA3CA750B26}.Release|Any CPU.Build.0 = Release|Any CPU
		{1A04C0BD-2869-426F-9A4B-B4A335B315E6}.Debug|Any CPU.ActiveCfg = Debug|Any CPU
		{1A04C0BD-2869-426F-9A4B-B4A335B315E6}.Debug|Any CPU.Build.0 = Debug|Any CPU
		{1A04C0BD-2869-426F-9A4B-B4A335B315E6}.Release|Any CPU.ActiveCfg = Release|Any CPU
		{1A04C0BD-2869-426F-9A4B-B4A335B315E6}.Release|Any CPU.Build.0 = Release|Any CPU
	EndGlobalSection
	GlobalSection(SolutionProperties) = preSolution
		HideSolutionNode = FALSE
	EndGlobalSection
EndGlobal
